
Microsoft Visual Studio Solution File, Format Version 12.00
# Visual Studio Version 17
VisualStudioVersion = 17.8.34316.72
MinimumVisualStudioVersion = 10.0.40219.1
Project("{FAE04EC0-301F-11D3-BF4B-00C04F79EFBC}") = "LogStandardizer", "LogStandardizer.csproj", "{6B745CFA-0CA8-4EC6-8196-20AC560EB936}"
EndProject
Global
	GlobalSection(SolutionConfigurationPlatforms) = preSolution
		Debug|Any CPU = Debug|Any CPU
		Release|Any CPU = Release|Any CPU
	EndGlobalSection
	GlobalSection(ProjectConfigurationPlatforms) = postSolution
		{6B745CFA-0CA8-4EC6-8196-20AC560EB936}.Debug|Any CPU.ActiveCfg = Debug|Any CPU
		{6B745CFA-0CA8-4EC6-8196-20AC560EB936}.Debug|Any CPU.Build.0 = Debug|Any CPU
		{6B745CFA-0CA8-4EC6-8196-20AC560EB936}.Release|Any CPU.ActiveCfg = Release|Any CPU
		{6B745CFA-0CA8-4EC6-8196-20AC560EB936}.Release|Any CPU.Build.0 = Release|Any CPU
	EndGlobalSection
	GlobalSection(SolutionProperties) = preSolution
		HideSolutionNode = FALSE
	EndGlobalSection
	GlobalSection(ExtensibilityGlobals) = postSolution
		SolutionGuid = {F9434660-9F11-446E-8D6E-758BA129063D}
	EndGlobalSection
EndGlobal
